// !$*UTF8*$!
{
	archiveVersion = 1;
	classes = {
	};
	objectVersion = 46;
	objects = {

/* Begin PBXBuildFile section */
		1B32673B1CC1D126009CD32C /* main.m in Sources */ = {isa = PBXBuildFile; fileRef = 1B32673A1CC1D126009CD32C /* main.m */; };
		1B32673E1CC1D126009CD32C /* AppDelegate.m in Sources */ = {isa = PBXBuildFile; fileRef = 1B32673D1CC1D126009CD32C /* AppDelegate.m */; };
		1B3267411CC1D126009CD32C /* ViewController.m in Sources */ = {isa = PBXBuildFile; fileRef = 1B3267401CC1D126009CD32C /* ViewController.m */; };
		1B3267441CC1D126009CD32C /* Main.storyboard in Resources */ = {isa = PBXBuildFile; fileRef = 1B3267421CC1D126009CD32C /* Main.storyboard */; };
		1B3267461CC1D126009CD32C /* Assets.xcassets in Resources */ = {isa = PBXBuildFile; fileRef = 1B3267451CC1D126009CD32C /* Assets.xcassets */; };
		1B3267491CC1D126009CD32C /* LaunchScreen.storyboard in Resources */ = {isa = PBXBuildFile; fileRef = 1B3267471CC1D126009CD32C /* LaunchScreen.storyboard */; };
		1B3267541CC1D126009CD32C /* WYNewsTests.m in Sources */ = {isa = PBXBuildFile; fileRef = 1B3267531CC1D126009CD32C /* WYNewsTests.m */; };
		1B32675F1CC1D126009CD32C /* WYNewsUITests.m in Sources */ = {isa = PBXBuildFile; fileRef = 1B32675E1CC1D126009CD32C /* WYNewsUITests.m */; };
		1B32676E1CC1D4DB009CD32C /* NetWorkrequestManage.m in Sources */ = {isa = PBXBuildFile; fileRef = 1B32676D1CC1D4DB009CD32C /* NetWorkrequestManage.m */; };
/* End PBXBuildFile section */

/* Begin PBXContainerItemProxy section */
		1B3267501CC1D126009CD32C /* PBXContainerItemProxy */ = {
			isa = PBXContainerItemProxy;
			containerPortal = 1B32672E1CC1D126009CD32C /* Project object */;
			proxyType = 1;
			remoteGlobalIDString = 1B3267351CC1D126009CD32C;
			remoteInfo = WYNews;
		};
		1B32675B1CC1D126009CD32C /* PBXContainerItemProxy */ = {
			isa = PBXContainerItemProxy;
			containerPortal = 1B32672E1CC1D126009CD32C /* Project object */;
			proxyType = 1;
			remoteGlobalIDString = 1B3267351CC1D126009CD32C;
			remoteInfo = WYNews;
		};
/* End PBXContainerItemProxy section */

/* Begin PBXFileReference section */
		1B3267361CC1D126009CD32C /* WYNews.app */ = {isa = PBXFileReference; explicitFileType = wrapper.application; includeInIndex = 0; path = WYNews.app; sourceTree = BUILT_PRODUCTS_DIR; };
		1B32673A1CC1D126009CD32C /* main.m */ = {isa = PBXFileReference; lastKnownFileType = sourcecode.c.objc; path = main.m; sourceTree = "<group>"; };
		1B32673C1CC1D126009CD32C /* AppDelegate.h */ = {isa = PBXFileReference; lastKnownFileType = sourcecode.c.h; path = AppDelegate.h; sourceTree = "<group>"; };
		1B32673D1CC1D126009CD32C /* AppDelegate.m */ = {isa = PBXFileReference; lastKnownFileType = sourcecode.c.objc; path = AppDelegate.m; sourceTree = "<group>"; };
		1B32673F1CC1D126009CD32C /* ViewController.h */ = {isa = PBXFileReference; lastKnownFileType = sourcecode.c.h; path = ViewController.h; sourceTree = "<group>"; };
		1B3267401CC1D126009CD32C /* ViewController.m */ = {isa = PBXFileReference; lastKnownFileType = sourcecode.c.objc; path = ViewController.m; sourceTree = "<group>"; };
		1B3267431CC1D126009CD32C /* Base */ = {isa = PBXFileReference; lastKnownFileType = file.storyboard; name = Base; path = Base.lproj/Main.storyboard; sourceTree = "<group>"; };
		1B3267451CC1D126009CD32C /* Assets.xcassets */ = {isa = PBXFileReference; lastKnownFileType = folder.assetcatalog; path = Assets.xcassets; sourceTree = "<group>"; };
		1B3267481CC1D126009CD32C /* Base */ = {isa = PBXFileReference; lastKnownFileType = file.storyboard; name = Base; path = Base.lproj/LaunchScreen.storyboard; sourceTree = "<group>"; };
		1B32674A1CC1D126009CD32C /* Info.plist */ = {isa = PBXFileReference; lastKnownFileType = text.plist.xml; path = Info.plist; sourceTree = "<group>"; };
		1B32674F1CC1D126009CD32C /* WYNewsTests.xctest */ = {isa = PBXFileReference; explicitFileType = wrapper.cfbundle; includeInIndex = 0; path = WYNewsTests.xctest; sourceTree = BUILT_PRODUCTS_DIR; };
		1B3267531CC1D126009CD32C /* WYNewsTests.m */ = {isa = PBXFileReference; lastKnownFileType = sourcecode.c.objc; path = WYNewsTests.m; sourceTree = "<group>"; };
		1B3267551CC1D126009CD32C /* Info.plist */ = {isa = PBXFileReference; lastKnownFileType = text.plist.xml; path = Info.plist; sourceTree = "<group>"; };
		1B32675A1CC1D126009CD32C /* WYNewsUITests.xctest */ = {isa = PBXFileReference; explicitFileType = wrapper.cfbundle; includeInIndex = 0; path = WYNewsUITests.xctest; sourceTree = BUILT_PRODUCTS_DIR; };
		1B32675E1CC1D126009CD32C /* WYNewsUITests.m */ = {isa = PBXFileReference; lastKnownFileType = sourcecode.c.objc; path = WYNewsUITests.m; sourceTree = "<group>"; };
		1B3267601CC1D126009CD32C /* Info.plist */ = {isa = PBXFileReference; lastKnownFileType = text.plist.xml; path = Info.plist; sourceTree = "<group>"; };
		1B32676C1CC1D4DB009CD32C /* NetWorkrequestManage.h */ = {isa = PBXFileReference; fileEncoding = 4; lastKnownFileType = sourcecode.c.h; path = NetWorkrequestManage.h; sourceTree = "<group>"; };
		1B32676D1CC1D4DB009CD32C /* NetWorkrequestManage.m */ = {isa = PBXFileReference; fileEncoding = 4; lastKnownFileType = sourcecode.c.objc; path = NetWorkrequestManage.m; sourceTree = "<group>"; };
		1B3267711CC1D55C009CD32C /* PrefixHeader.pch */ = {isa = PBXFileReference; lastKnownFileType = sourcecode.c.h; path = PrefixHeader.pch; sourceTree = "<group>"; };
/* End PBXFileReference section */

/* Begin PBXFrameworksBuildPhase section */
		1B3267331CC1D126009CD32C /* Frameworks */ = {
			isa = PBXFrameworksBuildPhase;
			buildActionMask = 2147483647;
			files = (
			);
			runOnlyForDeploymentPostprocessing = 0;
		};
		1B32674C1CC1D126009CD32C /* Frameworks */ = {
			isa = PBXFrameworksBuildPhase;
			buildActionMask = 2147483647;
			files = (
			);
			runOnlyForDeploymentPostprocessing = 0;
		};
		1B3267571CC1D126009CD32C /* Frameworks */ = {
			isa = PBXFrameworksBuildPhase;
			buildActionMask = 2147483647;
			files = (
			);
			runOnlyForDeploymentPostprocessing = 0;
		};
/* End PBXFrameworksBuildPhase section */

/* Begin PBXGroup section */
		1B32672D1CC1D126009CD32C = {
			isa = PBXGroup;
			children = (
				1B3267381CC1D126009CD32C /* WYNews */,
				1B3267521CC1D126009CD32C /* WYNewsTests */,
				1B32675D1CC1D126009CD32C /* WYNewsUITests */,
				1B3267371CC1D126009CD32C /* Products */,
			);
			sourceTree = "<group>";
		};
		1B3267371CC1D126009CD32C /* Products */ = {
			isa = PBXGroup;
			children = (
				1B3267361CC1D126009CD32C /* WYNews.app */,
				1B32674F1CC1D126009CD32C /* WYNewsTests.xctest */,
				1B32675A1CC1D126009CD32C /* WYNewsUITests.xctest */,
			);
			name = Products;
			sourceTree = "<group>";
		};
		1B3267381CC1D126009CD32C /* WYNews */ = {
			isa = PBXGroup;
			children = (
				1B3267701CC1D536009CD32C /* Tool */,
				1B32673C1CC1D126009CD32C /* AppDelegate.h */,
				1B32673D1CC1D126009CD32C /* AppDelegate.m */,
				1B32673F1CC1D126009CD32C /* ViewController.h */,
				1B3267401CC1D126009CD32C /* ViewController.m */,
				1B3267421CC1D126009CD32C /* Main.storyboard */,
				1B3267451CC1D126009CD32C /* Assets.xcassets */,
				1B3267471CC1D126009CD32C /* LaunchScreen.storyboard */,
				1B32674A1CC1D126009CD32C /* Info.plist */,
				1B3267391CC1D126009CD32C /* Supporting Files */,
			);
			path = WYNews;
			sourceTree = "<group>";
		};
		1B3267391CC1D126009CD32C /* Supporting Files */ = {
			isa = PBXGroup;
			children = (
				1B32673A1CC1D126009CD32C /* main.m */,
			);
			name = "Supporting Files";
			sourceTree = "<group>";
		};
		1B3267521CC1D126009CD32C /* WYNewsTests */ = {
			isa = PBXGroup;
			children = (
				1B3267531CC1D126009CD32C /* WYNewsTests.m */,
				1B3267551CC1D126009CD32C /* Info.plist */,
			);
			path = WYNewsTests;
			sourceTree = "<group>";
		};
		1B32675D1CC1D126009CD32C /* WYNewsUITests */ = {
			isa = PBXGroup;
			children = (
				1B32675E1CC1D126009CD32C /* WYNewsUITests.m */,
				1B3267601CC1D126009CD32C /* Info.plist */,
			);
			path = WYNewsUITests;
			sourceTree = "<group>";
		};
		1B3267701CC1D536009CD32C /* Tool */ = {
			isa = PBXGroup;
			children = (
				1B32676C1CC1D4DB009CD32C /* NetWorkrequestManage.h */,
				1B32676D1CC1D4DB009CD32C /* NetWorkrequestManage.m */,
				1B3267711CC1D55C009CD32C /* PrefixHeader.pch */,
			);
			name = Tool;
			sourceTree = "<group>";
		};
/* End PBXGroup section */

/* Begin PBXNativeTarget section */
		1B3267351CC1D126009CD32C /* WYNews */ = {
			isa = PBXNativeTarget;
			buildConfigurationList = 1B3267631CC1D126009CD32C /* Build configuration list for PBXNativeTarget "WYNews" */;
			buildPhases = (
				1B3267321CC1D126009CD32C /* Sources */,
				1B3267331CC1D126009CD32C /* Frameworks */,
				1B3267341CC1D126009CD32C /* Resources */,
			);
			buildRules = (
			);
			dependencies = (
			);
			name = WYNews;
			productName = WYNews;
			productReference = 1B3267361CC1D126009CD32C /* WYNews.app */;
			productType = "com.apple.product-type.application";
		};
		1B32674E1CC1D126009CD32C /* WYNewsTests */ = {
			isa = PBXNativeTarget;
			buildConfigurationList = 1B3267661CC1D126009CD32C /* Build configuration list for PBXNativeTarget "WYNewsTests" */;
			buildPhases = (
				1B32674B1CC1D126009CD32C /* Sources */,
				1B32674C1CC1D126009CD32C /* Frameworks */,
				1B32674D1CC1D126009CD32C /* Resources */,
			);
			buildRules = (
			);
			dependencies = (
				1B3267511CC1D126009CD32C /* PBXTargetDependency */,
			);
			name = WYNewsTests;
			productName = WYNewsTests;
			productReference = 1B32674F1CC1D126009CD32C /* WYNewsTests.xctest */;
			productType = "com.apple.product-type.bundle.unit-test";
		};
		1B3267591CC1D126009CD32C /* WYNewsUITests */ = {
			isa = PBXNativeTarget;
			buildConfigurationList = 1B3267691CC1D126009CD32C /* Build configuration list for PBXNativeTarget "WYNewsUITests" */;
			buildPhases = (
				1B3267561CC1D126009CD32C /* Sources */,
				1B3267571CC1D126009CD32C /* Frameworks */,
				1B3267581CC1D126009CD32C /* Resources */,
			);
			buildRules = (
			);
			dependencies = (
				1B32675C1CC1D126009CD32C /* PBXTargetDependency */,
			);
			name = WYNewsUITests;
			productName = WYNewsUITests;
			productReference = 1B32675A1CC1D126009CD32C /* WYNewsUITests.xctest */;
			productType = "com.apple.product-type.bundle.ui-testing";
		};
/* End PBXNativeTarget section */

/* Begin PBXProject section */
		1B32672E1CC1D126009CD32C /* Project object */ = {
			isa = PBXProject;
			attributes = {
				LastUpgradeCheck = 0720;
				ORGANIZATIONNAME = xiaochen;
				TargetAttributes = {
					1B3267351CC1D126009CD32C = {
						CreatedOnToolsVersion = 7.2.1;
					};
					1B32674E1CC1D126009CD32C = {
						CreatedOnToolsVersion = 7.2.1;
						TestTargetID = 1B3267351CC1D126009CD32C;
					};
					1B3267591CC1D126009CD32C = {
						CreatedOnToolsVersion = 7.2.1;
						TestTargetID = 1B3267351CC1D126009CD32C;
					};
				};
			};
			buildConfigurationList = 1B3267311CC1D126009CD32C /* Build configuration list for PBXProject "WYNews" */;
			compatibilityVersion = "Xcode 3.2";
			developmentRegion = English;
			hasScannedForEncodings = 0;
			knownRegions = (
				en,
				Base,
			);
			mainGroup = 1B32672D1CC1D126009CD32C;
			productRefGroup = 1B3267371CC1D126009CD32C /* Products */;
			projectDirPath = "";
			projectRoot = "";
			targets = (
				1B3267351CC1D126009CD32C /* WYNews */,
				1B32674E1CC1D126009CD32C /* WYNewsTests */,
				1B3267591CC1D126009CD32C /* WYNewsUITests */,
			);
		};
/* End PBXProject section */

/* Begin PBXResourcesBuildPhase section */
		1B3267341CC1D126009CD32C /* Resources */ = {
			isa = PBXResourcesBuildPhase;
			buildActionMask = 2147483647;
			files = (
				1B3267491CC1D126009CD32C /* LaunchScreen.storyboard in Resources */,
				1B3267461CC1D126009CD32C /* Assets.xcassets in Resources */,
				1B3267441CC1D126009CD32C /* Main.storyboard in Resources */,
			);
			runOnlyForDeploymentPostprocessing = 0;
		};
		1B32674D1CC1D126009CD32C /* Resources */ = {
			isa = PBXResourcesBuildPhase;
			buildActionMask = 2147483647;
			files = (
			);
			runOnlyForDeploymentPostprocessing = 0;
		};
		1B3267581CC1D126009CD32C /* Resources */ = {
			isa = PBXResourcesBuildPhase;
			buildActionMask = 2147483647;
			files = (
			);
			runOnlyForDeploymentPostprocessing = 0;
		};
/* End PBXResourcesBuildPhase section */

/* Begin PBXSourcesBuildPhase section */
		1B3267321CC1D126009CD32C /* Sources */ = {
			isa = PBXSourcesBuildPhase;
			buildActionMask = 2147483647;
			files = (
				1B3267411CC1D126009CD32C /* ViewController.m in Sources */,
				1B32676E1CC1D4DB009CD32C /* NetWorkrequestManage.m in Sources */,
				1B32673E1CC1D126009CD32C /* AppDelegate.m in Sources */,
				1B32673B1CC1D126009CD32C /* main.m in Sources */,
			);
			runOnlyForDeploymentPostprocessing = 0;
		};
		1B32674B1CC1D126009CD32C /* Sources */ = {
			isa = PBXSourcesBuildPhase;
			buildActionMask = 2147483647;
			files = (
				1B3267541CC1D126009CD32C /* WYNewsTests.m in Sources */,
			);
			runOnlyForDeploymentPostprocessing = 0;
		};
		1B3267561CC1D126009CD32C /* Sources */ = {
			isa = PBXSourcesBuildPhase;
			buildActionMask = 2147483647;
			files = (
				1B32675F1CC1D126009CD32C /* WYNewsUITests.m in Sources */,
			);
			runOnlyForDeploymentPostprocessing = 0;
		};
/* End PBXSourcesBuildPhase section */

/* Begin PBXTargetDependency section */
		1B3267511CC1D126009CD32C /* PBXTargetDependency */ = {
			isa = PBXTargetDependency;
			target = 1B3267351CC1D126009CD32C /* WYNews */;
			targetProxy = 1B3267501CC1D126009CD32C /* PBXContainerItemProxy */;
		};
		1B32675C1CC1D126009CD32C /* PBXTargetDependency */ = {
			isa = PBXTargetDependency;
			target = 1B3267351CC1D126009CD32C /* WYNews */;
			targetProxy = 1B32675B1CC1D126009CD32C /* PBXContainerItemProxy */;
		};
/* End PBXTargetDependency section */

/* Begin PBXVariantGroup section */
		1B3267421CC1D126009CD32C /* Main.storyboard */ = {
			isa = PBXVariantGroup;
			children = (
				1B3267431CC1D126009CD32C /* Base */,
			);
			name = Main.storyboard;
			sourceTree = "<group>";
		};
		1B3267471CC1D126009CD32C /* LaunchScreen.storyboard */ = {
			isa = PBXVariantGroup;
			children = (
				1B3267481CC1D126009CD32C /* Base */,
			);
			name = LaunchScreen.storyboard;
			sourceTree = "<group>";
		};
/* End PBXVariantGroup section */

/* Begin XCBuildConfiguration section */
		1B3267611CC1D126009CD32C /* Debug */ = {
			isa = XCBuildConfiguration;
			buildSettings = {
				ALWAYS_SEARCH_USER_PATHS = NO;
				CLANG_CXX_LANGUAGE_STANDARD = "gnu++0x";
				CLANG_CXX_LIBRARY = "libc++";
				CLANG_ENABLE_MODULES = YES;
				CLANG_ENABLE_OBJC_ARC = YES;
				CLANG_WARN_BOOL_CONVERSION = YES;
				CLANG_WARN_CONSTANT_CONVERSION = YES;
				CLANG_WARN_DIRECT_OBJC_ISA_USAGE = YES_ERROR;
				CLANG_WARN_EMPTY_BODY = YES;
				CLANG_WARN_ENUM_CONVERSION = YES;
				CLANG_WARN_INT_CONVERSION = YES;
				CLANG_WARN_OBJC_ROOT_CLASS = YES_ERROR;
				CLANG_WARN_UNREACHABLE_CODE = YES;
				CLANG_WARN__DUPLICATE_METHOD_MATCH = YES;
				"CODE_SIGN_IDENTITY[sdk=iphoneos*]" = "iPhone Developer";
				COPY_PHASE_STRIP = NO;
				DEBUG_INFORMATION_FORMAT = dwarf;
				ENABLE_STRICT_OBJC_MSGSEND = YES;
				ENABLE_TESTABILITY = YES;
				GCC_C_LANGUAGE_STANDARD = gnu99;
				GCC_DYNAMIC_NO_PIC = NO;
				GCC_NO_COMMON_BLOCKS = YES;
				GCC_OPTIMIZATION_LEVEL = 0;
				GCC_PREPROCESSOR_DEFINITIONS = (
					"DEBUG=1",
					"$(inherited)",
				);
				GCC_WARN_64_TO_32_BIT_CONVERSION = YES;
				GCC_WARN_ABOUT_RETURN_TYPE = YES_ERROR;
				GCC_WARN_UNDECLARED_SELECTOR = YES;
				GCC_WARN_UNINITIALIZED_AUTOS = YES_AGGRESSIVE;
				GCC_WARN_UNUSED_FUNCTION = YES;
				GCC_WARN_UNUSED_VARIABLE = YES;
				IPHONEOS_DEPLOYMENT_TARGET = 9.2;
				MTL_ENABLE_DEBUG_INFO = YES;
				ONLY_ACTIVE_ARCH = YES;
				SDKROOT = iphoneos;
				TARGETED_DEVICE_FAMILY = "1,2";
			};
			name = Debug;
		};
		1B3267621CC1D126009CD32C /* Release */ = {
			isa = XCBuildConfiguration;
			buildSettings = {
				ALWAYS_SEARCH_USER_PATHS = NO;
				CLANG_CXX_LANGUAGE_STANDARD = "gnu++0x";
				CLANG_CXX_LIBRARY = "libc++";
				CLANG_ENABLE_MODULES = YES;
				CLANG_ENABLE_OBJC_ARC = YES;
				CLANG_WARN_BOOL_CONVERSION = YES;
				CLANG_WARN_CONSTANT_CONVERSION = YES;
				CLANG_WARN_DIRECT_OBJC_ISA_USAGE = YES_ERROR;
				CLANG_WARN_EMPTY_BODY = YES;
				CLANG_WARN_ENUM_CONVERSION = YES;
				CLANG_WARN_INT_CONVERSION = YES;
				CLANG_WARN_OBJC_ROOT_CLASS = YES_ERROR;
				CLANG_WARN_UNREACHABLE_CODE = YES;
				CLANG_WARN__DUPLICATE_METHOD_MATCH = YES;
				"CODE_SIGN_IDENTITY[sdk=iphoneos*]" = "iPhone Developer";
				COPY_PHASE_STRIP = NO;
				DEBUG_INFORMATION_FORMAT = "dwarf-with-dsym";
				ENABLE_NS_ASSERTIONS = NO;
				ENABLE_STRICT_OBJC_MSGSEND = YES;
				GCC_C_LANGUAGE_STANDARD = gnu99;
				GCC_NO_COMMON_BLOCKS = YES;
				GCC_WARN_64_TO_32_BIT_CONVERSION = YES;
				GCC_WARN_ABOUT_RETURN_TYPE = YES_ERROR;
				GCC_WARN_UNDECLARED_SELECTOR = YES;
				GCC_WARN_UNINITIALIZED_AUTOS = YES_AGGRESSIVE;
				GCC_WARN_UNUSED_FUNCTION = YES;
				GCC_WARN_UNUSED_VARIABLE = YES;
				IPHONEOS_DEPLOYMENT_TARGET = 9.2;
				MTL_ENABLE_DEBUG_INFO = NO;
				SDKROOT = iphoneos;
				TARGETED_DEVICE_FAMILY = "1,2";
				VALIDATE_PRODUCT = YES;
			};
			name = Release;
		};
		1B3267641CC1D126009CD32C /* Debug */ = {
			isa = XCBuildConfiguration;
			buildSettings = {
				ASSETCATALOG_COMPILER_APPICON_NAME = AppIcon;
				GCC_PREFIX_HEADER = WYNews/PrefixHeader.pch;
				INFOPLIST_FILE = WYNews/Info.plist;
				LD_RUNPATH_SEARCH_PATHS = "$(inherited) @executable_path/Frameworks";
				PRODUCT_BUNDLE_IDENTIFIER = com.zxf.WYNews;
				PRODUCT_NAME = "$(TARGET_NAME)";
			};
			name = Debug;
		};
		1B3267651CC1D126009CD32C /* Release */ = {
			isa = XCBuildConfiguration;
			buildSettings = {
				ASSETCATALOG_COMPILER_APPICON_NAME = AppIcon;
				GCC_PREFIX_HEADER = WYNews/PrefixHeader.pch;
				INFOPLIST_FILE = WYNews/Info.plist;
				LD_RUNPATH_SEARCH_PATHS = "$(inherited) @executable_path/Frameworks";
				PRODUCT_BUNDLE_IDENTIFIER = com.zxf.WYNews;
				PRODUCT_NAME = "$(TARGET_NAME)";
			};
			name = Release;
		};
		1B3267671CC1D126009CD32C /* Debug */ = {
			isa = XCBuildConfiguration;
			buildSettings = {
				BUNDLE_LOADER = "$(TEST_HOST)";
				INFOPLIST_FILE = WYNewsTests/Info.plist;
				LD_RUNPATH_SEARCH_PATHS = "$(inherited) @executable_path/Frameworks @loader_path/Frameworks";
				PRODUCT_BUNDLE_IDENTIFIER = com.zxf.WYNewsTests;
				PRODUCT_NAME = "$(TARGET_NAME)";
				TEST_HOST = "$(BUILT_PRODUCTS_DIR)/WYNews.app/WYNews";
			};
			name = Debug;
		};
		1B3267681CC1D126009CD32C /* Release */ = {
			isa = XCBuildConfiguration;
			buildSettings = {
				BUNDLE_LOADER = "$(TEST_HOST)";
				INFOPLIST_FILE = WYNewsTests/Info.plist;
				LD_RUNPATH_SEARCH_PATHS = "$(inherited) @executable_path/Frameworks @loader_path/Frameworks";
				PRODUCT_BUNDLE_IDENTIFIER = com.zxf.WYNewsTests;
				PRODUCT_NAME = "$(TARGET_NAME)";
				TEST_HOST = "$(BUILT_PRODUCTS_DIR)/WYNews.app/WYNews";
			};
			name = Release;
		};
		1B32676A1CC1D126009CD32C /* Debug */ = {
			isa = XCBuildConfiguration;
			buildSettings = {
				INFOPLIST_FILE = WYNewsUITests/Info.plist;
				LD_RUNPATH_SEARCH_PATHS = "$(inherited) @executable_path/Frameworks @loader_path/Frameworks";
				PRODUCT_BUNDLE_IDENTIFIER = com.zxf.WYNewsUITests;
				PRODUCT_NAME = "$(TARGET_NAME)";
				TEST_TARGET_NAME = WYNews;
				USES_XCTRUNNER = YES;
			};
			name = Debug;
		};
		1B32676B1CC1D126009CD32C /* Release */ = {
			isa = XCBuildConfiguration;
			buildSettings = {
				INFOPLIST_FILE = WYNewsUITests/Info.plist;
				LD_RUNPATH_SEARCH_PATHS = "$(inherited) @executable_path/Frameworks @loader_path/Frameworks";
				PRODUCT_BUNDLE_IDENTIFIER = com.zxf.WYNewsUITests;
				PRODUCT_NAME = "$(TARGET_NAME)";
				TEST_TARGET_NAME = WYNews;
				USES_XCTRUNNER = YES;
			};
			name = Release;
		};
/* End XCBuildConfiguration section */

/* Begin XCConfigurationList section */
		1B3267311CC1D126009CD32C /* Build configuration list for PBXProject "WYNews" */ = {
			isa = XCConfigurationList;
			buildConfigurations = (
				1B3267611CC1D126009CD32C /* Debug */,
				1B3267621CC1D126009CD32C /* Release */,
			);
			defaultConfigurationIsVisible = 0;
			defaultConfigurationName = Release;
		};
		1B3267631CC1D126009CD32C /* Build configuration list for PBXNativeTarget "WYNews" */ = {
			isa = XCConfigurationList;
			buildConfigurations = (
				1B3267641CC1D126009CD32C /* Debug */,
				1B3267651CC1D126009CD32C /* Release */,
			);
			defaultConfigurationIsVisible = 0;
		};
		1B3267661CC1D126009CD32C /* Build configuration list for PBXNativeTarget "WYNewsTests" */ = {
			isa = XCConfigurationList;
			buildConfigurations = (
				1B3267671CC1D126009CD32C /* Debug */,
				1B3267681CC1D126009CD32C /* Release */,
			);
			defaultConfigurationIsVisible = 0;
		};
		1B3267691CC1D126009CD32C /* Build configuration list for PBXNativeTarget "WYNewsUITests" */ = {
			isa = XCConfigurationList;
			buildConfigurations = (
				1B32676A1CC1D126009CD32C /* Debug */,
				1B32676B1CC1D126009CD32C /* Release */,
			);
			defaultConfigurationIsVisible = 0;
		};
/* End XCConfigurationList section */
	};
	rootObject = 1B32672E1CC1D126009CD32C /* Project object */;
}
